Microsoft Visual Studio Solution File, Format Version 12.00
# Visual Studio Version 17
VisualStudioVersion = 17.5.2.0
MinimumVisualStudioVersion = 10.0.40219.1
Project("{FAE04EC0-301F-11D3-BF4B-00C04F79EFBC}") = "MauiPrismSyncfusionTest", "MauiPrismSyncfusionTest.csproj", "{4935770D-1805-BC7A-2D21-0CCA969A62DC}"
EndProject
Global
	GlobalSection(SolutionConfigurationPlatforms) = preSolution
		Debug|Any CPU = Debug|Any CPU
		Release|Any CPU = Release|Any CPU
	EndGlobalSection
	GlobalSection(ProjectConfigurationPlatforms) = postSolution
		{4935770D-1805-BC7A-2D21-0CCA969A62DC}.Debug|Any CPU.ActiveCfg = Debug|Any CPU
		{4935770D-1805-BC7A-2D21-0CCA969A62DC}.Debug|Any CPU.Build.0 = Debug|Any CPU
		{4935770D-1805-BC7A-2D21-0CCA969A62DC}.Release|Any CPU.ActiveCfg = Release|Any CPU
		{4935770D-1805-BC7A-2D21-0CCA969A62DC}.Release|Any CPU.Build.0 = Release|Any CPU
	EndGlobalSection
	GlobalSection(SolutionProperties) = preSolution
		HideSolutionNode = FALSE
	EndGlobalSection
	GlobalSection(ExtensibilityGlobals) = postSolution
		SolutionGuid = {452494E1-E3BE-4FFC-958D-67A8711E2866}
	EndGlobalSection
EndGlobal
